
Microsoft Visual Studio Solution File, Format Version 12.00
# Visual Studio Version 16
VisualStudioVersion = 16.0.29728.190
MinimumVisualStudioVersion = 10.0.40219.1
Project("{FAE04EC0-301F-11D3-BF4B-00C04F79EFBC}") = "BulkyBook", "BulkyBook\BulkyBook.csproj", "{61066449-01E4-4060-A8BB-BF6C32067E34}"
EndProject
Global
	GlobalSection(SolutionConfigurationPlatforms) = preSolution
		Debug|Any CPU = Debug|Any CPU
		Release|Any CPU = Release|Any CPU
	EndGlobalSection
	GlobalSection(ProjectConfigurationPlatforms) = postSolution
		{61066449-01E4-4060-A8BB-BF6C32067E34}.Debug|Any CPU.ActiveCfg = Debug|Any CPU
		{61066449-01E4-4060-A8BB-BF6C32067E34}.Debug|Any CPU.Build.0 = Debug|Any CPU
		{61066449-01E4-4060-A8BB-BF6C32067E34}.Release|Any CPU.ActiveCfg = Release|Any CPU
		{61066449-01E4-4060-A8BB-BF6C32067E34}.Release|Any CPU.Build.0 = Release|Any CPU
	EndGlobalSection
	GlobalSection(SolutionProperties) = preSolution
		HideSolutionNode = FALSE
	EndGlobalSection
	GlobalSection(ExtensibilityGlobals) = postSolution
		SolutionGuid = {BE0B7E0D-2B29-4DF2-BC5E-FD51BF99FBDC}
	EndGlobalSection
EndGlobal
